// !$*UTF8*$!
{
	archiveVersion = 1;
	classes = {
	};
	objectVersion = 46;
	objects = {

/* Begin PBXBuildFile section */
		903250F0F44A1540767C711D /* Pods_AbdoAppTests.framework in Frameworks */ = {isa = PBXBuildFile; fileRef = B8B816E77052CBBBCC25F8A2 /* Pods_AbdoAppTests.framework */; };
		B8746F562FB02E574FD66C72 /* Pods_AbdoApp.framework in Frameworks */ = {isa = PBXBuildFile; fileRef = D95F2A7FC5D01A63E8DE379D /* Pods_AbdoApp.framework */; };
		CB23C7131E75FC420046E5DF /* AppDelegate.swift in Sources */ = {isa = PBXBuildFile; fileRef = CB23C7121E75FC420046E5DF /* AppDelegate.swift */; };
		CB23C7151E75FC420046E5DF /* ViewController.swift in Sources */ = {isa = PBXBuildFile; fileRef = CB23C7141E75FC420046E5DF /* ViewController.swift */; };
		CB23C7181E75FC420046E5DF /* Main.storyboard in Resources */ = {isa = PBXBuildFile; fileRef = CB23C7161E75FC420046E5DF /* Main.storyboard */; };
		CB23C71B1E75FC420046E5DF /* AbdoApp.xcdatamodeld in Sources */ = {isa = PBXBuildFile; fileRef = CB23C7191E75FC420046E5DF /* AbdoApp.xcdatamodeld */; };
		CB23C71D1E75FC420046E5DF /* Assets.xcassets in Resources */ = {isa = PBXBuildFile; fileRef = CB23C71C1E75FC420046E5DF /* Assets.xcassets */; };
		CB23C7201E75FC420046E5DF /* LaunchScreen.storyboard in Resources */ = {isa = PBXBuildFile; fileRef = CB23C71E1E75FC420046E5DF /* LaunchScreen.storyboard */; };
		CB6D5D2B1E75FFDB00D36853 /* API.swift in Sources */ = {isa = PBXBuildFile; fileRef = CB6D5D291E75FFDB00D36853 /* API.swift */; };
		CB6D5D2C1E75FFDB00D36853 /* ShareCodeAPI.swift in Sources */ = {isa = PBXBuildFile; fileRef = CB6D5D2A1E75FFDB00D36853 /* ShareCodeAPI.swift */; };
		CB6D5D2F1E76000400D36853 /* NSDateExtension.swift in Sources */ = {isa = PBXBuildFile; fileRef = CB6D5D2E1E76000400D36853 /* NSDateExtension.swift */; };
		CB6D5D331E76004000D36853 /* Anonymous.swift in Sources */ = {isa = PBXBuildFile; fileRef = CB6D5D321E76004000D36853 /* Anonymous.swift */; };
		CB6D5D3C1E76006400D36853 /* ChildAllergy.swift in Sources */ = {isa = PBXBuildFile; fileRef = CB6D5D351E76006400D36853 /* ChildAllergy.swift */; };
		CB6D5D3D1E76006400D36853 /* Child.swift in Sources */ = {isa = PBXBuildFile; fileRef = CB6D5D361E76006400D36853 /* Child.swift */; };
		CB6D5D3E1E76006400D36853 /* ChildInfo.swift in Sources */ = {isa = PBXBuildFile; fileRef = CB6D5D371E76006400D36853 /* ChildInfo.swift */; };
		CB6D5D3F1E76006400D36853 /* ChildMedicin.swift in Sources */ = {isa = PBXBuildFile; fileRef = CB6D5D381E76006400D36853 /* ChildMedicin.swift */; };
		CB6D5D401E76006400D36853 /* Registration.swift in Sources */ = {isa = PBXBuildFile; fileRef = CB6D5D391E76006400D36853 /* Registration.swift */; };
		CB6D5D411E76006400D36853 /* ShareCode.swift in Sources */ = {isa = PBXBuildFile; fileRef = CB6D5D3A1E76006400D36853 /* ShareCode.swift */; };
		CB6D5D421E76006400D36853 /* Supplement.swift in Sources */ = {isa = PBXBuildFile; fileRef = CB6D5D3B1E76006400D36853 /* Supplement.swift */; };
		CB6D5D471E76008000D36853 /* Allergy.swift in Sources */ = {isa = PBXBuildFile; fileRef = CB6D5D451E76008000D36853 /* Allergy.swift */; };
		CB6D5D481E76008000D36853 /* ChildSupplement.swift in Sources */ = {isa = PBXBuildFile; fileRef = CB6D5D461E76008000D36853 /* ChildSupplement.swift */; };
		CB6D5D4F1E7600AA00D36853 /* Activity.swift in Sources */ = {isa = PBXBuildFile; fileRef = CB6D5D4A1E7600AA00D36853 /* Activity.swift */; };
		CB6D5D501E7600AA00D36853 /* Feces.swift in Sources */ = {isa = PBXBuildFile; fileRef = CB6D5D4B1E7600AA00D36853 /* Feces.swift */; };
		CB6D5D511E7600AA00D36853 /* FoodCategory.swift in Sources */ = {isa = PBXBuildFile; fileRef = CB6D5D4C1E7600AA00D36853 /* FoodCategory.swift */; };
		CB6D5D521E7600AA00D36853 /* Food.swift in Sources */ = {isa = PBXBuildFile; fileRef = CB6D5D4D1E7600AA00D36853 /* Food.swift */; };
		CB6D5D531E7600AA00D36853 /* PainLevel.swift in Sources */ = {isa = PBXBuildFile; fileRef = CB6D5D4E1E7600AA00D36853 /* PainLevel.swift */; };
		CB7FD1FD1E7895DD00AFFE3D /* ColorScheme.swift in Sources */ = {isa = PBXBuildFile; fileRef = CB7FD1FC1E7895DD00AFFE3D /* ColorScheme.swift */; };
		CB7FD1FF1E79D3ED00AFFE3D /* SetupVariables.swift in Sources */ = {isa = PBXBuildFile; fileRef = CB7FD1FE1E79D3EC00AFFE3D /* SetupVariables.swift */; };
		CBB62EA01E776F8E005C9FEC /* Singleton.swift in Sources */ = {isa = PBXBuildFile; fileRef = CBB62E9F1E776F8E005C9FEC /* Singleton.swift */; };
		CBB62EA21E777744005C9FEC /* PainPlacement.swift in Sources */ = {isa = PBXBuildFile; fileRef = CBB62EA11E777744005C9FEC /* PainPlacement.swift */; };
		CBB62EA41E77777D005C9FEC /* Sleep.swift in Sources */ = {isa = PBXBuildFile; fileRef = CBB62EA31E77777D005C9FEC /* Sleep.swift */; };
		CBB62EA61E777797005C9FEC /* Mood.swift in Sources */ = {isa = PBXBuildFile; fileRef = CBB62EA51E777797005C9FEC /* Mood.swift */; };
		CBB62EA81E7830A5005C9FEC /* CloseKeyboard.swift in Sources */ = {isa = PBXBuildFile; fileRef = CBB62EA71E7830A5005C9FEC /* CloseKeyboard.swift */; };
		CBB62EAB1E784233005C9FEC /* ViewControllerStartpage.swift in Sources */ = {isa = PBXBuildFile; fileRef = CBB62EAA1E784233005C9FEC /* ViewControllerStartpage.swift */; };
		CBB62EAD1E78427B005C9FEC /* ViewControllerMasterdata.swift in Sources */ = {isa = PBXBuildFile; fileRef = CBB62EAC1E78427B005C9FEC /* ViewControllerMasterdata.swift */; };
		CBB62EAF1E784376005C9FEC /* ViewControllerMedicin.swift in Sources */ = {isa = PBXBuildFile; fileRef = CBB62EAE1E784376005C9FEC /* ViewControllerMedicin.swift */; };
		CBB62EB11E7843C2005C9FEC /* ViewControllerSharecode.swift in Sources */ = {isa = PBXBuildFile; fileRef = CBB62EB01E7843C2005C9FEC /* ViewControllerSharecode.swift */; };
		CBB62EB31E7843DE005C9FEC /* ViewControllerEmailLink.swift in Sources */ = {isa = PBXBuildFile; fileRef = CBB62EB21E7843DE005C9FEC /* ViewControllerEmailLink.swift */; };
		CBB62EB51E78446D005C9FEC /* ViewControllerAllergy.swift in Sources */ = {isa = PBXBuildFile; fileRef = CBB62EB41E78446D005C9FEC /* ViewControllerAllergy.swift */; };
		CBB62EB71E78449E005C9FEC /* ViewControllerSupplement.swift in Sources */ = {isa = PBXBuildFile; fileRef = CBB62EB61E78449E005C9FEC /* ViewControllerSupplement.swift */; };
		CBB62EB91E78451E005C9FEC /* ViewControllerRegistration.swift in Sources */ = {isa = PBXBuildFile; fileRef = CBB62EB81E78451E005C9FEC /* ViewControllerRegistration.swift */; };
		CBB62EBB1E787B0F005C9FEC /* ViewControllerMedicinAdd.swift in Sources */ = {isa = PBXBuildFile; fileRef = CBB62EBA1E787B0F005C9FEC /* ViewControllerMedicinAdd.swift */; };
		CBF2B9601E760232006B9D44 /* AbdoAppTests.swift in Sources */ = {isa = PBXBuildFile; fileRef = CBF2B95F1E760232006B9D44 /* AbdoAppTests.swift */; };
/* End PBXBuildFile section */

/* Begin PBXContainerItemProxy section */
		CBF2B9621E760232006B9D44 /* PBXContainerItemProxy */ = {
			isa = PBXContainerItemProxy;
			containerPortal = CB23C7071E75FC420046E5DF /* Project object */;
			proxyType = 1;
			remoteGlobalIDString = CB23C70E1E75FC420046E5DF;
			remoteInfo = AbdoApp;
		};
/* End PBXContainerItemProxy section */

/* Begin PBXFileReference section */
		14B3DF6387F266ADE711CD27 /* Pods-AbdoApp.release.xcconfig */ = {isa = PBXFileReference; includeInIndex = 1; lastKnownFileType = text.xcconfig; name = "Pods-AbdoApp.release.xcconfig"; path = "Pods/Target Support Files/Pods-AbdoApp/Pods-AbdoApp.release.xcconfig"; sourceTree = "<group>"; };
		9F4051156F7B3251EED22473 /* Pods-AbdoAppTests.release.xcconfig */ = {isa = PBXFileReference; includeInIndex = 1; lastKnownFileType = text.xcconfig; name = "Pods-AbdoAppTests.release.xcconfig"; path = "Pods/Target Support Files/Pods-AbdoAppTests/Pods-AbdoAppTests.release.xcconfig"; sourceTree = "<group>"; };
		AED9540F71949B9C2FF299E1 /* Pods-AbdoApp.debug.xcconfig */ = {isa = PBXFileReference; includeInIndex = 1; lastKnownFileType = text.xcconfig; name = "Pods-AbdoApp.debug.xcconfig"; path = "Pods/Target Support Files/Pods-AbdoApp/Pods-AbdoApp.debug.xcconfig"; sourceTree = "<group>"; };
		B8B816E77052CBBBCC25F8A2 /* Pods_AbdoAppTests.framework */ = {isa = PBXFileReference; explicitFileType = wrapper.framework; includeInIndex = 0; path = Pods_AbdoAppTests.framework; sourceTree = BUILT_PRODUCTS_DIR; };
		CB23C70F1E75FC420046E5DF /* AbdoApp.app */ = {isa = PBXFileReference; explicitFileType = wrapper.application; includeInIndex = 0; path = AbdoApp.app; sourceTree = BUILT_PRODUCTS_DIR; };
		CB23C7121E75FC420046E5DF /* AppDelegate.swift */ = {isa = PBXFileReference; lastKnownFileType = sourcecode.swift; path = AppDelegate.swift; sourceTree = "<group>"; };
		CB23C7141E75FC420046E5DF /* ViewController.swift */ = {isa = PBXFileReference; lastKnownFileType = sourcecode.swift; path = ViewController.swift; sourceTree = "<group>"; };
		CB23C7171E75FC420046E5DF /* Base */ = {isa = PBXFileReference; lastKnownFileType = file.storyboard; name = Base; path = Base.lproj/Main.storyboard; sourceTree = "<group>"; };
		CB23C71A1E75FC420046E5DF /* AbdoApp.xcdatamodel */ = {isa = PBXFileReference; lastKnownFileType = wrapper.xcdatamodel; path = AbdoApp.xcdatamodel; sourceTree = "<group>"; };
		CB23C71C1E75FC420046E5DF /* Assets.xcassets */ = {isa = PBXFileReference; lastKnownFileType = folder.assetcatalog; path = Assets.xcassets; sourceTree = "<group>"; };
		CB23C71F1E75FC420046E5DF /* Base */ = {isa = PBXFileReference; lastKnownFileType = file.storyboard; name = Base; path = Base.lproj/LaunchScreen.storyboard; sourceTree = "<group>"; };
		CB23C7211E75FC420046E5DF /* Info.plist */ = {isa = PBXFileReference; lastKnownFileType = text.plist.xml; path = Info.plist; sourceTree = "<group>"; };
		CB6D5D291E75FFDB00D36853 /* API.swift */ = {isa = PBXFileReference; fileEncoding = 4; lastKnownFileType = sourcecode.swift; path = API.swift; sourceTree = "<group>"; };
		CB6D5D2A1E75FFDB00D36853 /* ShareCodeAPI.swift */ = {isa = PBXFileReference; fileEncoding = 4; lastKnownFileType = sourcecode.swift; path = ShareCodeAPI.swift; sourceTree = "<group>"; };
		CB6D5D2E1E76000400D36853 /* NSDateExtension.swift */ = {isa = PBXFileReference; fileEncoding = 4; lastKnownFileType = sourcecode.swift; path = NSDateExtension.swift; sourceTree = "<group>"; };
		CB6D5D321E76004000D36853 /* Anonymous.swift */ = {isa = PBXFileReference; fileEncoding = 4; lastKnownFileType = sourcecode.swift; path = Anonymous.swift; sourceTree = "<group>"; };
		CB6D5D351E76006400D36853 /* ChildAllergy.swift */ = {isa = PBXFileReference; fileEncoding = 4; lastKnownFileType = sourcecode.swift; path = ChildAllergy.swift; sourceTree = "<group>"; };
		CB6D5D361E76006400D36853 /* Child.swift */ = {isa = PBXFileReference; fileEncoding = 4; lastKnownFileType = sourcecode.swift; path = Child.swift; sourceTree = "<group>"; };
		CB6D5D371E76006400D36853 /* ChildInfo.swift */ = {isa = PBXFileReference; fileEncoding = 4; lastKnownFileType = sourcecode.swift; path = ChildInfo.swift; sourceTree = "<group>"; };
		CB6D5D381E76006400D36853 /* ChildMedicin.swift */ = {isa = PBXFileReference; fileEncoding = 4; lastKnownFileType = sourcecode.swift; path = ChildMedicin.swift; sourceTree = "<group>"; };
		CB6D5D391E76006400D36853 /* Registration.swift */ = {isa = PBXFileReference; fileEncoding = 4; lastKnownFileType = sourcecode.swift; path = Registration.swift; sourceTree = "<group>"; };
		CB6D5D3A1E76006400D36853 /* ShareCode.swift */ = {isa = PBXFileReference; fileEncoding = 4; lastKnownFileType = sourcecode.swift; path = ShareCode.swift; sourceTree = "<group>"; };
		CB6D5D3B1E76006400D36853 /* Supplement.swift */ = {isa = PBXFileReference; fileEncoding = 4; lastKnownFileType = sourcecode.swift; path = Supplement.swift; sourceTree = "<group>"; };
		CB6D5D451E76008000D36853 /* Allergy.swift */ = {isa = PBXFileReference; fileEncoding = 4; lastKnownFileType = sourcecode.swift; path = Allergy.swift; sourceTree = "<group>"; };
		CB6D5D461E76008000D36853 /* ChildSupplement.swift */ = {isa = PBXFileReference; fileEncoding = 4; lastKnownFileType = sourcecode.swift; path = ChildSupplement.swift; sourceTree = "<group>"; };
		CB6D5D4A1E7600AA00D36853 /* Activity.swift */ = {isa = PBXFileReference; fileEncoding = 4; lastKnownFileType = sourcecode.swift; path = Activity.swift; sourceTree = "<group>"; };
		CB6D5D4B1E7600AA00D36853 /* Feces.swift */ = {isa = PBXFileReference; fileEncoding = 4; lastKnownFileType = sourcecode.swift; path = Feces.swift; sourceTree = "<group>"; };
		CB6D5D4C1E7600AA00D36853 /* FoodCategory.swift */ = {isa = PBXFileReference; fileEncoding = 4; lastKnownFileType = sourcecode.swift; path = FoodCategory.swift; sourceTree = "<group>"; };
		CB6D5D4D1E7600AA00D36853 /* Food.swift */ = {isa = PBXFileReference; fileEncoding = 4; lastKnownFileType = sourcecode.swift; path = Food.swift; sourceTree = "<group>"; };
		CB6D5D4E1E7600AA00D36853 /* PainLevel.swift */ = {isa = PBXFileReference; fileEncoding = 4; lastKnownFileType = sourcecode.swift; path = PainLevel.swift; sourceTree = "<group>"; };
		CB7FD1FC1E7895DD00AFFE3D /* ColorScheme.swift */ = {isa = PBXFileReference; fileEncoding = 4; lastKnownFileType = sourcecode.swift; path = ColorScheme.swift; sourceTree = "<group>"; };
		CB7FD1FE1E79D3EC00AFFE3D /* SetupVariables.swift */ = {isa = PBXFileReference; fileEncoding = 4; lastKnownFileType = sourcecode.swift; path = SetupVariables.swift; sourceTree = "<group>"; };
		CBB62E9F1E776F8E005C9FEC /* Singleton.swift */ = {isa = PBXFileReference; fileEncoding = 4; lastKnownFileType = sourcecode.swift; path = Singleton.swift; sourceTree = "<group>"; };
		CBB62EA11E777744005C9FEC /* PainPlacement.swift */ = {isa = PBXFileReference; fileEncoding = 4; lastKnownFileType = sourcecode.swift; path = PainPlacement.swift; sourceTree = "<group>"; };
		CBB62EA31E77777D005C9FEC /* Sleep.swift */ = {isa = PBXFileReference; fileEncoding = 4; lastKnownFileType = sourcecode.swift; path = Sleep.swift; sourceTree = "<group>"; };
		CBB62EA51E777797005C9FEC /* Mood.swift */ = {isa = PBXFileReference; fileEncoding = 4; lastKnownFileType = sourcecode.swift; path = Mood.swift; sourceTree = "<group>"; };
		CBB62EA71E7830A5005C9FEC /* CloseKeyboard.swift */ = {isa = PBXFileReference; fileEncoding = 4; lastKnownFileType = sourcecode.swift; path = CloseKeyboard.swift; sourceTree = "<group>"; };
		CBB62EAA1E784233005C9FEC /* ViewControllerStartpage.swift */ = {isa = PBXFileReference; fileEncoding = 4; lastKnownFileType = sourcecode.swift; path = ViewControllerStartpage.swift; sourceTree = "<group>"; };
		CBB62EAC1E78427B005C9FEC /* ViewControllerMasterdata.swift */ = {isa = PBXFileReference; fileEncoding = 4; lastKnownFileType = sourcecode.swift; path = ViewControllerMasterdata.swift; sourceTree = "<group>"; };
		CBB62EAE1E784376005C9FEC /* ViewControllerMedicin.swift */ = {isa = PBXFileReference; fileEncoding = 4; lastKnownFileType = sourcecode.swift; path = ViewControllerMedicin.swift; sourceTree = "<group>"; };
		CBB62EB01E7843C2005C9FEC /* ViewControllerSharecode.swift */ = {isa = PBXFileReference; fileEncoding = 4; lastKnownFileType = sourcecode.swift; path = ViewControllerSharecode.swift; sourceTree = "<group>"; };
		CBB62EB21E7843DE005C9FEC /* ViewControllerEmailLink.swift */ = {isa = PBXFileReference; fileEncoding = 4; lastKnownFileType = sourcecode.swift; path = ViewControllerEmailLink.swift; sourceTree = "<group>"; };
		CBB62EB41E78446D005C9FEC /* ViewControllerAllergy.swift */ = {isa = PBXFileReference; fileEncoding = 4; lastKnownFileType = sourcecode.swift; path = ViewControllerAllergy.swift; sourceTree = "<group>"; };
		CBB62EB61E78449E005C9FEC /* ViewControllerSupplement.swift */ = {isa = PBXFileReference; fileEncoding = 4; lastKnownFileType = sourcecode.swift; path = ViewControllerSupplement.swift; sourceTree = "<group>"; };
		CBB62EB81E78451E005C9FEC /* ViewControllerRegistration.swift */ = {isa = PBXFileReference; fileEncoding = 4; lastKnownFileType = sourcecode.swift; path = ViewControllerRegistration.swift; sourceTree = "<group>"; };
		CBB62EBA1E787B0F005C9FEC /* ViewControllerMedicinAdd.swift */ = {isa = PBXFileReference; fileEncoding = 4; lastKnownFileType = sourcecode.swift; path = ViewControllerMedicinAdd.swift; sourceTree = "<group>"; };
		CBF2B95D1E760232006B9D44 /* AbdoAppTests.xctest */ = {isa = PBXFileReference; explicitFileType = wrapper.cfbundle; includeInIndex = 0; path = AbdoAppTests.xctest; sourceTree = BUILT_PRODUCTS_DIR; };
		CBF2B95F1E760232006B9D44 /* AbdoAppTests.swift */ = {isa = PBXFileReference; lastKnownFileType = sourcecode.swift; path = AbdoAppTests.swift; sourceTree = "<group>"; };
		CBF2B9611E760232006B9D44 /* Info.plist */ = {isa = PBXFileReference; lastKnownFileType = text.plist.xml; path = Info.plist; sourceTree = "<group>"; };
		D95F2A7FC5D01A63E8DE379D /* Pods_AbdoApp.framework */ = {isa = PBXFileReference; explicitFileType = wrapper.framework; includeInIndex = 0; path = Pods_AbdoApp.framework; sourceTree = BUILT_PRODUCTS_DIR; };
		EDABD04F625F68253C1357FD /* Pods-AbdoAppTests.debug.xcconfig */ = {isa = PBXFileReference; includeInIndex = 1; lastKnownFileType = text.xcconfig; name = "Pods-AbdoAppTests.debug.xcconfig"; path = "Pods/Target Support Files/Pods-AbdoAppTests/Pods-AbdoAppTests.debug.xcconfig"; sourceTree = "<group>"; };
/* End PBXFileReference section */

/* Begin PBXFrameworksBuildPhase section */
		CB23C70C1E75FC420046E5DF /* Frameworks */ = {
			isa = PBXFrameworksBuildPhase;
			buildActionMask = 2147483647;
			files = (
				B8746F562FB02E574FD66C72 /* Pods_AbdoApp.framework in Frameworks */,
			);
			runOnlyForDeploymentPostprocessing = 0;
		};
		CBF2B95A1E760232006B9D44 /* Frameworks */ = {
			isa = PBXFrameworksBuildPhase;
			buildActionMask = 2147483647;
			files = (
				903250F0F44A1540767C711D /* Pods_AbdoAppTests.framework in Frameworks */,
			);
			runOnlyForDeploymentPostprocessing = 0;
		};
/* End PBXFrameworksBuildPhase section */

/* Begin PBXGroup section */
		CB23C7061E75FC420046E5DF = {
			isa = PBXGroup;
			children = (
				CB23C7111E75FC420046E5DF /* AbdoApp */,
				CBF2B95E1E760232006B9D44 /* AbdoAppTests */,
				CB23C7101E75FC420046E5DF /* Products */,
				ED420D8AF38DB7E74C92ACC8 /* Pods */,
				DBB887AA4CE196F0D991AFD5 /* Frameworks */,
			);
			sourceTree = "<group>";
		};
		CB23C7101E75FC420046E5DF /* Products */ = {
			isa = PBXGroup;
			children = (
				CB23C70F1E75FC420046E5DF /* AbdoApp.app */,
				CBF2B95D1E760232006B9D44 /* AbdoAppTests.xctest */,
			);
			name = Products;
			sourceTree = "<group>";
		};
		CB23C7111E75FC420046E5DF /* AbdoApp */ = {
			isa = PBXGroup;
			children = (
				CBB62E9F1E776F8E005C9FEC /* Singleton.swift */,
				CB7FD1FC1E7895DD00AFFE3D /* ColorScheme.swift */,
				CB7FD1FE1E79D3EC00AFFE3D /* SetupVariables.swift */,
				CB6D5D281E75FFC100D36853 /* API */,
				CB6D5D301E76000B00D36853 /* Objects */,
				CB6D5D2D1E75FFED00D36853 /* SwiftExtensions */,
				CB23C7121E75FC420046E5DF /* AppDelegate.swift */,
				CBB62EA91E7841F3005C9FEC /* ViewControllers */,
				CB23C7161E75FC420046E5DF /* Main.storyboard */,
				CB23C71C1E75FC420046E5DF /* Assets.xcassets */,
				CB23C71E1E75FC420046E5DF /* LaunchScreen.storyboard */,
				CB23C7211E75FC420046E5DF /* Info.plist */,
				CB23C7191E75FC420046E5DF /* AbdoApp.xcdatamodeld */,
			);
			path = AbdoApp;
			sourceTree = "<group>";
		};
		CB6D5D281E75FFC100D36853 /* API */ = {
			isa = PBXGroup;
			children = (
				CB6D5D291E75FFDB00D36853 /* API.swift */,
				CB6D5D2A1E75FFDB00D36853 /* ShareCodeAPI.swift */,
			);
			name = API;
			sourceTree = "<group>";
		};
		CB6D5D2D1E75FFED00D36853 /* SwiftExtensions */ = {
			isa = PBXGroup;
			children = (
				CB6D5D2E1E76000400D36853 /* NSDateExtension.swift */,
				CBB62EA71E7830A5005C9FEC /* CloseKeyboard.swift */,
			);
			name = SwiftExtensions;
			sourceTree = "<group>";
		};
		CB6D5D301E76000B00D36853 /* Objects */ = {
			isa = PBXGroup;
			children = (
				CB6D5D341E76004600D36853 /* Child */,
				CB6D5D311E76002B00D36853 /* Device */,
				CB6D5D431E76006B00D36853 /* System */,
			);
			name = Objects;
			sourceTree = "<group>";
		};
		CB6D5D311E76002B00D36853 /* Device */ = {
			isa = PBXGroup;
			children = (
				CB6D5D321E76004000D36853 /* Anonymous.swift */,
			);
			name = Device;
			sourceTree = "<group>";
		};
		CB6D5D341E76004600D36853 /* Child */ = {
			isa = PBXGroup;
			children = (
				CB6D5D361E76006400D36853 /* Child.swift */,
				CB6D5D351E76006400D36853 /* ChildAllergy.swift */,
				CB6D5D371E76006400D36853 /* ChildInfo.swift */,
				CB6D5D461E76008000D36853 /* ChildSupplement.swift */,
				CB6D5D381E76006400D36853 /* ChildMedicin.swift */,
				CB6D5D391E76006400D36853 /* Registration.swift */,
				CB6D5D3A1E76006400D36853 /* ShareCode.swift */,
			);
			name = Child;
			sourceTree = "<group>";
		};
		CB6D5D431E76006B00D36853 /* System */ = {
			isa = PBXGroup;
			children = (
				CB6D5D491E76008600D36853 /* Registration */,
				CB6D5D441E76007200D36853 /* Child */,
			);
			name = System;
			sourceTree = "<group>";
		};
		CB6D5D441E76007200D36853 /* Child */ = {
			isa = PBXGroup;
			children = (
				CB6D5D451E76008000D36853 /* Allergy.swift */,
				CB6D5D3B1E76006400D36853 /* Supplement.swift */,
			);
			name = Child;
			sourceTree = "<group>";
		};
		CB6D5D491E76008600D36853 /* Registration */ = {
			isa = PBXGroup;
			children = (
				CB6D5D4A1E7600AA00D36853 /* Activity.swift */,
				CB6D5D4B1E7600AA00D36853 /* Feces.swift */,
				CB6D5D4C1E7600AA00D36853 /* FoodCategory.swift */,
				CB6D5D4D1E7600AA00D36853 /* Food.swift */,
				CBB62EA51E777797005C9FEC /* Mood.swift */,
				CB6D5D4E1E7600AA00D36853 /* PainLevel.swift */,
				CBB62EA11E777744005C9FEC /* PainPlacement.swift */,
				CBB62EA31E77777D005C9FEC /* Sleep.swift */,
			);
			name = Registration;
			sourceTree = "<group>";
		};
		CBB62EA91E7841F3005C9FEC /* ViewControllers */ = {
			isa = PBXGroup;
			children = (
				CB23C7141E75FC420046E5DF /* ViewController.swift */,
				CBB62EB41E78446D005C9FEC /* ViewControllerAllergy.swift */,
				CBB62EB21E7843DE005C9FEC /* ViewControllerEmailLink.swift */,
				CBB62EAC1E78427B005C9FEC /* ViewControllerMasterdata.swift */,
				CBB62EAE1E784376005C9FEC /* ViewControllerMedicin.swift */,
				CBB62EBA1E787B0F005C9FEC /* ViewControllerMedicinAdd.swift */,
				CBB62EB81E78451E005C9FEC /* ViewControllerRegistration.swift */,
				CBB62EB01E7843C2005C9FEC /* ViewControllerSharecode.swift */,
				CBB62EAA1E784233005C9FEC /* ViewControllerStartpage.swift */,
				CBB62EB61E78449E005C9FEC /* ViewControllerSupplement.swift */,
			);
			name = ViewControllers;
			sourceTree = "<group>";
		};
		CBF2B95E1E760232006B9D44 /* AbdoAppTests */ = {
			isa = PBXGroup;
			children = (
				CBF2B95F1E760232006B9D44 /* AbdoAppTests.swift */,
				CBF2B9611E760232006B9D44 /* Info.plist */,
			);
			path = AbdoAppTests;
			sourceTree = "<group>";
		};
		DBB887AA4CE196F0D991AFD5 /* Frameworks */ = {
			isa = PBXGroup;
			children = (
				D95F2A7FC5D01A63E8DE379D /* Pods_AbdoApp.framework */,
				B8B816E77052CBBBCC25F8A2 /* Pods_AbdoAppTests.framework */,
			);
			name = Frameworks;
			sourceTree = "<group>";
		};
		ED420D8AF38DB7E74C92ACC8 /* Pods */ = {
			isa = PBXGroup;
			children = (
				AED9540F71949B9C2FF299E1 /* Pods-AbdoApp.debug.xcconfig */,
				14B3DF6387F266ADE711CD27 /* Pods-AbdoApp.release.xcconfig */,
				EDABD04F625F68253C1357FD /* Pods-AbdoAppTests.debug.xcconfig */,
				9F4051156F7B3251EED22473 /* Pods-AbdoAppTests.release.xcconfig */,
			);
			name = Pods;
			sourceTree = "<group>";
		};
/* End PBXGroup section */

/* Begin PBXNativeTarget section */
		CB23C70E1E75FC420046E5DF /* AbdoApp */ = {
			isa = PBXNativeTarget;
			buildConfigurationList = CB23C7241E75FC420046E5DF /* Build configuration list for PBXNativeTarget "AbdoApp" */;
			buildPhases = (
				1D096BBABE0A80CFF7AD3A5B /* [CP] Check Pods Manifest.lock */,
				CB23C70B1E75FC420046E5DF /* Sources */,
				CB23C70C1E75FC420046E5DF /* Frameworks */,
				CB23C70D1E75FC420046E5DF /* Resources */,
				ADFEF9BF9513DB13A4FDD741 /* [CP] Embed Pods Frameworks */,
				2372BAB64322068591E08AC5 /* [CP] Copy Pods Resources */,
			);
			buildRules = (
			);
			dependencies = (
			);
			name = AbdoApp;
			productName = AbdoApp;
			productReference = CB23C70F1E75FC420046E5DF /* AbdoApp.app */;
			productType = "com.apple.product-type.application";
		};
		CBF2B95C1E760232006B9D44 /* AbdoAppTests */ = {
			isa = PBXNativeTarget;
			buildConfigurationList = CBF2B9661E760232006B9D44 /* Build configuration list for PBXNativeTarget "AbdoAppTests" */;
			buildPhases = (
				46F5E68C0720F289B73BF500 /* [CP] Check Pods Manifest.lock */,
				CBF2B9591E760232006B9D44 /* Sources */,
				CBF2B95A1E760232006B9D44 /* Frameworks */,
				CBF2B95B1E760232006B9D44 /* Resources */,
				F7C0F39D3EDDABF2E6380DA1 /* [CP] Embed Pods Frameworks */,
				9451D43F81CD13740E358F23 /* [CP] Copy Pods Resources */,
			);
			buildRules = (
			);
			dependencies = (
				CBF2B9631E760232006B9D44 /* PBXTargetDependency */,
			);
			name = AbdoAppTests;
			productName = AbdoAppTests;
			productReference = CBF2B95D1E760232006B9D44 /* AbdoAppTests.xctest */;
			productType = "com.apple.product-type.bundle.unit-test";
		};
/* End PBXNativeTarget section */

/* Begin PBXProject section */
		CB23C7071E75FC420046E5DF /* Project object */ = {
			isa = PBXProject;
			attributes = {
				LastSwiftUpdateCheck = 0820;
				LastUpgradeCheck = 0820;
				ORGANIZATIONNAME = GOD;
				TargetAttributes = {
					CB23C70E1E75FC420046E5DF = {
						CreatedOnToolsVersion = 8.2.1;
						DevelopmentTeam = 6W3S8GJV92;
						ProvisioningStyle = Automatic;
					};
					CBF2B95C1E760232006B9D44 = {
						CreatedOnToolsVersion = 8.2.1;
						ProvisioningStyle = Automatic;
						TestTargetID = CB23C70E1E75FC420046E5DF;
					};
				};
			};
			buildConfigurationList = CB23C70A1E75FC420046E5DF /* Build configuration list for PBXProject "AbdoApp" */;
			compatibilityVersion = "Xcode 3.2";
			developmentRegion = English;
			hasScannedForEncodings = 0;
			knownRegions = (
				en,
				Base,
			);
			mainGroup = CB23C7061E75FC420046E5DF;
			productRefGroup = CB23C7101E75FC420046E5DF /* Products */;
			projectDirPath = "";
			projectRoot = "";
			targets = (
				CB23C70E1E75FC420046E5DF /* AbdoApp */,
				CBF2B95C1E760232006B9D44 /* AbdoAppTests */,
			);
		};
/* End PBXProject section */

/* Begin PBXResourcesBuildPhase section */
		CB23C70D1E75FC420046E5DF /* Resources */ = {
			isa = PBXResourcesBuildPhase;
			buildActionMask = 2147483647;
			files = (
				CB23C7201E75FC420046E5DF /* LaunchScreen.storyboard in Resources */,
				CB23C71D1E75FC420046E5DF /* Assets.xcassets in Resources */,
				CB23C7181E75FC420046E5DF /* Main.storyboard in Resources */,
			);
			runOnlyForDeploymentPostprocessing = 0;
		};
		CBF2B95B1E760232006B9D44 /* Resources */ = {
			isa = PBXResourcesBuildPhase;
			buildActionMask = 2147483647;
			files = (
			);
			runOnlyForDeploymentPostprocessing = 0;
		};
/* End PBXResourcesBuildPhase section */

/* Begin PBXShellScriptBuildPhase section */
		1D096BBABE0A80CFF7AD3A5B /* [CP] Check Pods Manifest.lock */ = {
			isa = PBXShellScriptBuildPhase;
			buildActionMask = 2147483647;
			files = (
			);
			inputPaths = (
			);
			name = "[CP] Check Pods Manifest.lock";
			outputPaths = (
			);
			runOnlyForDeploymentPostprocessing = 0;
			shellPath = /bin/sh;
			shellScript = "diff \"${PODS_ROOT}/../Podfile.lock\" \"${PODS_ROOT}/Manifest.lock\" > /dev/null\nif [ $? != 0 ] ; then\n    # print error to STDERR\n    echo \"error: The sandbox is not in sync with the Podfile.lock. Run 'pod install' or update your CocoaPods installation.\" >&2\n    exit 1\nfi\n";
			showEnvVarsInLog = 0;
		};
		2372BAB64322068591E08AC5 /* [CP] Copy Pods Resources */ = {
			isa = PBXShellScriptBuildPhase;
			buildActionMask = 2147483647;
			files = (
			);
			inputPaths = (
			);
			name = "[CP] Copy Pods Resources";
			outputPaths = (
			);
			runOnlyForDeploymentPostprocessing = 0;
			shellPath = /bin/sh;
			shellScript = "\"${SRCROOT}/Pods/Target Support Files/Pods-AbdoApp/Pods-AbdoApp-resources.sh\"\n";
			showEnvVarsInLog = 0;
		};
		46F5E68C0720F289B73BF500 /* [CP] Check Pods Manifest.lock */ = {
			isa = PBXShellScriptBuildPhase;
			buildActionMask = 2147483647;
			files = (
			);
			inputPaths = (
			);
			name = "[CP] Check Pods Manifest.lock";
			outputPaths = (
			);
			runOnlyForDeploymentPostprocessing = 0;
			shellPath = /bin/sh;
			shellScript = "diff \"${PODS_ROOT}/../Podfile.lock\" \"${PODS_ROOT}/Manifest.lock\" > /dev/null\nif [ $? != 0 ] ; then\n    # print error to STDERR\n    echo \"error: The sandbox is not in sync with the Podfile.lock. Run 'pod install' or update your CocoaPods installation.\" >&2\n    exit 1\nfi\n";
			showEnvVarsInLog = 0;
		};
		9451D43F81CD13740E358F23 /* [CP] Copy Pods Resources */ = {
			isa = PBXShellScriptBuildPhase;
			buildActionMask = 2147483647;
			files = (
			);
			inputPaths = (
			);
			name = "[CP] Copy Pods Resources";
			outputPaths = (
			);
			runOnlyForDeploymentPostprocessing = 0;
			shellPath = /bin/sh;
			shellScript = "\"${SRCROOT}/Pods/Target Support Files/Pods-AbdoAppTests/Pods-AbdoAppTests-resources.sh\"\n";
			showEnvVarsInLog = 0;
		};
		ADFEF9BF9513DB13A4FDD741 /* [CP] Embed Pods Frameworks */ = {
			isa = PBXShellScriptBuildPhase;
			buildActionMask = 2147483647;
			files = (
			);
			inputPaths = (
			);
			name = "[CP] Embed Pods Frameworks";
			outputPaths = (
			);
			runOnlyForDeploymentPostprocessing = 0;
			shellPath = /bin/sh;
			shellScript = "\"${SRCROOT}/Pods/Target Support Files/Pods-AbdoApp/Pods-AbdoApp-frameworks.sh\"\n";
			showEnvVarsInLog = 0;
		};
		F7C0F39D3EDDABF2E6380DA1 /* [CP] Embed Pods Frameworks */ = {
			isa = PBXShellScriptBuildPhase;
			buildActionMask = 2147483647;
			files = (
			);
			inputPaths = (
			);
			name = "[CP] Embed Pods Frameworks";
			outputPaths = (
			);
			runOnlyForDeploymentPostprocessing = 0;
			shellPath = /bin/sh;
			shellScript = "\"${SRCROOT}/Pods/Target Support Files/Pods-AbdoAppTests/Pods-AbdoAppTests-frameworks.sh\"\n";
			showEnvVarsInLog = 0;
		};
/* End PBXShellScriptBuildPhase section */

/* Begin PBXSourcesBuildPhase section */
		CB23C70B1E75FC420046E5DF /* Sources */ = {
			isa = PBXSourcesBuildPhase;
			buildActionMask = 2147483647;
			files = (
				CB6D5D3E1E76006400D36853 /* ChildInfo.swift in Sources */,
				CB6D5D3C1E76006400D36853 /* ChildAllergy.swift in Sources */,
				CB6D5D421E76006400D36853 /* Supplement.swift in Sources */,
				CB6D5D2F1E76000400D36853 /* NSDateExtension.swift in Sources */,
				CB23C7151E75FC420046E5DF /* ViewController.swift in Sources */,
				CBB62EB51E78446D005C9FEC /* ViewControllerAllergy.swift in Sources */,
				CBB62EAF1E784376005C9FEC /* ViewControllerMedicin.swift in Sources */,
				CBB62EA81E7830A5005C9FEC /* CloseKeyboard.swift in Sources */,
				CBB62EA01E776F8E005C9FEC /* Singleton.swift in Sources */,
				CB6D5D401E76006400D36853 /* Registration.swift in Sources */,
				CB6D5D2C1E75FFDB00D36853 /* ShareCodeAPI.swift in Sources */,
				CB6D5D531E7600AA00D36853 /* PainLevel.swift in Sources */,
				CBB62EB91E78451E005C9FEC /* ViewControllerRegistration.swift in Sources */,
				CB23C71B1E75FC420046E5DF /* AbdoApp.xcdatamodeld in Sources */,
				CB6D5D471E76008000D36853 /* Allergy.swift in Sources */,
				CB6D5D2B1E75FFDB00D36853 /* API.swift in Sources */,
				CBB62EB71E78449E005C9FEC /* ViewControllerSupplement.swift in Sources */,
				CBB62EBB1E787B0F005C9FEC /* ViewControllerMedicinAdd.swift in Sources */,
				CB6D5D4F1E7600AA00D36853 /* Activity.swift in Sources */,
				CBB62EA21E777744005C9FEC /* PainPlacement.swift in Sources */,
				CB6D5D331E76004000D36853 /* Anonymous.swift in Sources */,
				CBB62EB11E7843C2005C9FEC /* ViewControllerSharecode.swift in Sources */,
				CBB62EA61E777797005C9FEC /* Mood.swift in Sources */,
				CB7FD1FD1E7895DD00AFFE3D /* ColorScheme.swift in Sources */,
				CB6D5D3F1E76006400D36853 /* ChildMedicin.swift in Sources */,
				CB23C7131E75FC420046E5DF /* AppDelegate.swift in Sources */,
				CB6D5D501E7600AA00D36853 /* Feces.swift in Sources */,
				CB6D5D521E7600AA00D36853 /* Food.swift in Sources */,
				CB6D5D411E76006400D36853 /* ShareCode.swift in Sources */,
				CBB62EB31E7843DE005C9FEC /* ViewControllerEmailLink.swift in Sources */,
				CBB62EAD1E78427B005C9FEC /* ViewControllerMasterdata.swift in Sources */,
				CBB62EAB1E784233005C9FEC /* ViewControllerStartpage.swift in Sources */,
				CB7FD1FF1E79D3ED00AFFE3D /* SetupVariables.swift in Sources */,
				CB6D5D481E76008000D36853 /* ChildSupplement.swift in Sources */,
				CB6D5D3D1E76006400D36853 /* Child.swift in Sources */,
				CB6D5D511E7600AA00D36853 /* FoodCategory.swift in Sources */,
				CBB62EA41E77777D005C9FEC /* Sleep.swift in Sources */,
			);
			runOnlyForDeploymentPostprocessing = 0;
		};
		CBF2B9591E760232006B9D44 /* Sources */ = {
			isa = PBXSourcesBuildPhase;
			buildActionMask = 2147483647;
			files = (
				CBF2B9601E760232006B9D44 /* AbdoAppTests.swift in Sources */,
			);
			runOnlyForDeploymentPostprocessing = 0;
		};
/* End PBXSourcesBuildPhase section */

/* Begin PBXTargetDependency section */
		CBF2B9631E760232006B9D44 /* PBXTargetDependency */ = {
			isa = PBXTargetDependency;
			target = CB23C70E1E75FC420046E5DF /* AbdoApp */;
			targetProxy = CBF2B9621E760232006B9D44 /* PBXContainerItemProxy */;
		};
/* End PBXTargetDependency section */

/* Begin PBXVariantGroup section */
		CB23C7161E75FC420046E5DF /* Main.storyboard */ = {
			isa = PBXVariantGroup;
			children = (
				CB23C7171E75FC420046E5DF /* Base */,
			);
			name = Main.storyboard;
			sourceTree = "<group>";
		};
		CB23C71E1E75FC420046E5DF /* LaunchScreen.storyboard */ = {
			isa = PBXVariantGroup;
			children = (
				CB23C71F1E75FC420046E5DF /* Base */,
			);
			name = LaunchScreen.storyboard;
			sourceTree = "<group>";
		};
/* End PBXVariantGroup section */

/* Begin XCBuildConfiguration section */
		CB23C7221E75FC420046E5DF /* Debug */ = {
			isa = XCBuildConfiguration;
			buildSettings = {
				ALWAYS_SEARCH_USER_PATHS = NO;
				CLANG_ANALYZER_NONNULL = YES;
				CLANG_CXX_LANGUAGE_STANDARD = "gnu++0x";
				CLANG_CXX_LIBRARY = "libc++";
				CLANG_ENABLE_MODULES = YES;
				CLANG_ENABLE_OBJC_ARC = YES;
				CLANG_WARN_BOOL_CONVERSION = YES;
				CLANG_WARN_CONSTANT_CONVERSION = YES;
				CLANG_WARN_DIRECT_OBJC_ISA_USAGE = YES_ERROR;
				CLANG_WARN_DOCUMENTATION_COMMENTS = YES;
				CLANG_WARN_EMPTY_BODY = YES;
				CLANG_WARN_ENUM_CONVERSION = YES;
				CLANG_WARN_INFINITE_RECURSION = YES;
				CLANG_WARN_INT_CONVERSION = YES;
				CLANG_WARN_OBJC_ROOT_CLASS = YES_ERROR;
				CLANG_WARN_SUSPICIOUS_MOVE = YES;
				CLANG_WARN_UNREACHABLE_CODE = YES;
				CLANG_WARN__DUPLICATE_METHOD_MATCH = YES;
				"CODE_SIGN_IDENTITY[sdk=iphoneos*]" = "iPhone Developer";
				COPY_PHASE_STRIP = NO;
				DEBUG_INFORMATION_FORMAT = dwarf;
				ENABLE_STRICT_OBJC_MSGSEND = YES;
				ENABLE_TESTABILITY = YES;
				GCC_C_LANGUAGE_STANDARD = gnu99;
				GCC_DYNAMIC_NO_PIC = NO;
				GCC_NO_COMMON_BLOCKS = YES;
				GCC_OPTIMIZATION_LEVEL = 0;
				GCC_PREPROCESSOR_DEFINITIONS = (
					"DEBUG=1",
					"$(inherited)",
				);
				GCC_WARN_64_TO_32_BIT_CONVERSION = YES;
				GCC_WARN_ABOUT_RETURN_TYPE = YES_ERROR;
				GCC_WARN_UNDECLARED_SELECTOR = YES;
				GCC_WARN_UNINITIALIZED_AUTOS = YES_AGGRESSIVE;
				GCC_WARN_UNUSED_FUNCTION = YES;
				GCC_WARN_UNUSED_VARIABLE = YES;
				IPHONEOS_DEPLOYMENT_TARGET = 10.2;
				MTL_ENABLE_DEBUG_INFO = YES;
				ONLY_ACTIVE_ARCH = YES;
				SDKROOT = iphoneos;
				SWIFT_ACTIVE_COMPILATION_CONDITIONS = DEBUG;
				SWIFT_OPTIMIZATION_LEVEL = "-Onone";
				TARGETED_DEVICE_FAMILY = "1,2";
			};
			name = Debug;
		};
		CB23C7231E75FC420046E5DF /* Release */ = {
			isa = XCBuildConfiguration;
			buildSettings = {
				ALWAYS_SEARCH_USER_PATHS = NO;
				CLANG_ANALYZER_NONNULL = YES;
				CLANG_CXX_LANGUAGE_STANDARD = "gnu++0x";
				CLANG_CXX_LIBRARY = "libc++";
				CLANG_ENABLE_MODULES = YES;
				CLANG_ENABLE_OBJC_ARC = YES;
				CLANG_WARN_BOOL_CONVERSION = YES;
				CLANG_WARN_CONSTANT_CONVERSION = YES;
				CLANG_WARN_DIRECT_OBJC_ISA_USAGE = YES_ERROR;
				CLANG_WARN_DOCUMENTATION_COMMENTS = YES;
				CLANG_WARN_EMPTY_BODY = YES;
				CLANG_WARN_ENUM_CONVERSION = YES;
				CLANG_WARN_INFINITE_RECURSION = YES;
				CLANG_WARN_INT_CONVERSION = YES;
				CLANG_WARN_OBJC_ROOT_CLASS = YES_ERROR;
				CLANG_WARN_SUSPICIOUS_MOVE = YES;
				CLANG_WARN_UNREACHABLE_CODE = YES;
				CLANG_WARN__DUPLICATE_METHOD_MATCH = YES;
				"CODE_SIGN_IDENTITY[sdk=iphoneos*]" = "iPhone Developer";
				COPY_PHASE_STRIP = NO;
				DEBUG_INFORMATION_FORMAT = "dwarf-with-dsym";
				ENABLE_NS_ASSERTIONS = NO;
				ENABLE_STRICT_OBJC_MSGSEND = YES;
				GCC_C_LANGUAGE_STANDARD = gnu99;
				GCC_NO_COMMON_BLOCKS = YES;
				GCC_WARN_64_TO_32_BIT_CONVERSION = YES;
				GCC_WARN_ABOUT_RETURN_TYPE = YES_ERROR;
				GCC_WARN_UNDECLARED_SELECTOR = YES;
				GCC_WARN_UNINITIALIZED_AUTOS = YES_AGGRESSIVE;
				GCC_WARN_UNUSED_FUNCTION = YES;
				GCC_WARN_UNUSED_VARIABLE = YES;
				IPHONEOS_DEPLOYMENT_TARGET = 10.2;
				MTL_ENABLE_DEBUG_INFO = NO;
				SDKROOT = iphoneos;
				SWIFT_OPTIMIZATION_LEVEL = "-Owholemodule";
				TARGETED_DEVICE_FAMILY = "1,2";
				VALIDATE_PRODUCT = YES;
			};
			name = Release;
		};
		CB23C7251E75FC420046E5DF /* Debug */ = {
			isa = XCBuildConfiguration;
			baseConfigurationReference = AED9540F71949B9C2FF299E1 /* Pods-AbdoApp.debug.xcconfig */;
			buildSettings = {
				ASSETCATALOG_COMPILER_APPICON_NAME = AppIcon;
				DEVELOPMENT_TEAM = 6W3S8GJV92;
				INFOPLIST_FILE = AbdoApp/Info.plist;
				LD_RUNPATH_SEARCH_PATHS = "$(inherited) @executable_path/Frameworks";
				PRODUCT_BUNDLE_IDENTIFIER = Heaven.AbdoApp;
				PRODUCT_NAME = "$(TARGET_NAME)";
				SWIFT_VERSION = 3.0;
			};
			name = Debug;
		};
		CB23C7261E75FC420046E5DF /* Release */ = {
			isa = XCBuildConfiguration;
			baseConfigurationReference = 14B3DF6387F266ADE711CD27 /* Pods-AbdoApp.release.xcconfig */;
			buildSettings = {
				ASSETCATALOG_COMPILER_APPICON_NAME = AppIcon;
				DEVELOPMENT_TEAM = 6W3S8GJV92;
				INFOPLIST_FILE = AbdoApp/Info.plist;
				LD_RUNPATH_SEARCH_PATHS = "$(inherited) @executable_path/Frameworks";
				PRODUCT_BUNDLE_IDENTIFIER = Heaven.AbdoApp;
				PRODUCT_NAME = "$(TARGET_NAME)";
				SWIFT_VERSION = 3.0;
			};
			name = Release;
		};
		CBF2B9641E760232006B9D44 /* Debug */ = {
			isa = XCBuildConfiguration;
			baseConfigurationReference = EDABD04F625F68253C1357FD /* Pods-AbdoAppTests.debug.xcconfig */;
			buildSettings = {
				BUNDLE_LOADER = "$(TEST_HOST)";
				INFOPLIST_FILE = AbdoAppTests/Info.plist;
				LD_RUNPATH_SEARCH_PATHS = "$(inherited) @executable_path/Frameworks @loader_path/Frameworks";
				PRODUCT_BUNDLE_IDENTIFIER = Heaven.AbdoAppTests;
				PRODUCT_NAME = "$(TARGET_NAME)";
				SWIFT_VERSION = 3.0;
				TEST_HOST = "$(BUILT_PRODUCTS_DIR)/AbdoApp.app/AbdoApp";
			};
			name = Debug;
		};
		CBF2B9651E760232006B9D44 /* Release */ = {
			isa = XCBuildConfiguration;
			baseConfigurationReference = 9F4051156F7B3251EED22473 /* Pods-AbdoAppTests.release.xcconfig */;
			buildSettings = {
				BUNDLE_LOADER = "$(TEST_HOST)";
				INFOPLIST_FILE = AbdoAppTests/Info.plist;
				LD_RUNPATH_SEARCH_PATHS = "$(inherited) @executable_path/Frameworks @loader_path/Frameworks";
				PRODUCT_BUNDLE_IDENTIFIER = Heaven.AbdoAppTests;
				PRODUCT_NAME = "$(TARGET_NAME)";
				SWIFT_VERSION = 3.0;
				TEST_HOST = "$(BUILT_PRODUCTS_DIR)/AbdoApp.app/AbdoApp";
			};
			name = Release;
		};
/* End XCBuildConfiguration section */

/* Begin XCConfigurationList section */
		CB23C70A1E75FC420046E5DF /* Build configuration list for PBXProject "AbdoApp" */ = {
			isa = XCConfigurationList;
			buildConfigurations = (
				CB23C7221E75FC420046E5DF /* Debug */,
				CB23C7231E75FC420046E5DF /* Release */,
			);
			defaultConfigurationIsVisible = 0;
			defaultConfigurationName = Release;
		};
		CB23C7241E75FC420046E5DF /* Build configuration list for PBXNativeTarget "AbdoApp" */ = {
			isa = XCConfigurationList;
			buildConfigurations = (
				CB23C7251E75FC420046E5DF /* Debug */,
				CB23C7261E75FC420046E5DF /* Release */,
			);
			defaultConfigurationIsVisible = 0;
			defaultConfigurationName = Release;
		};
		CBF2B9661E760232006B9D44 /* Build configuration list for PBXNativeTarget "AbdoAppTests" */ = {
			isa = XCConfigurationList;
			buildConfigurations = (
				CBF2B9641E760232006B9D44 /* Debug */,
				CBF2B9651E760232006B9D44 /* Release */,
			);
			defaultConfigurationIsVisible = 0;
			defaultConfigurationName = Release;
		};
/* End XCConfigurationList section */

/* Begin XCVersionGroup section */
		CB23C7191E75FC420046E5DF /* AbdoApp.xcdatamodeld */ = {
			isa = XCVersionGroup;
			children = (
				CB23C71A1E75FC420046E5DF /* AbdoApp.xcdatamodel */,
			);
			currentVersion = CB23C71A1E75FC420046E5DF /* AbdoApp.xcdatamodel */;
			path = AbdoApp.xcdatamodeld;
			sourceTree = "<group>";
			versionGroupType = wrapper.xcdatamodel;
		};
/* End XCVersionGroup section */
	};
	rootObject = CB23C7071E75FC420046E5DF /* Project object */;
}
